
Microsoft Visual Studio Solution File, Format Version 12.00
# Visual Studio 14
VisualStudioVersion = 14.0.25420.1
MinimumVisualStudioVersion = 10.0.40219.1
Project("{8BC9CEB8-8B4A-11D0-8D11-00A0C91BC942}") = "Aufgabe1", "Aufgabe1\Aufgabe1.vcxproj", "{C5F80730-F44F-4478-BDAE-6634EFC2CA88}"
EndProject
Project("{8BC9CEB8-8B4A-11D0-8D11-00A0C91BC942}") = "rgb", "..\..\..\..\Documents\Arduino\rgb\rgb.vcxproj", "{89C3B21C-C5CD-4DF8-B784-B424F5AA3A07}"
EndProject
Project("{8BC9CEB8-8B4A-11D0-8D11-00A0C91BC942}") = "Aufgabe 4", "..\..\..\..\Documents\Arduino\Aufgabe 4\Aufgabe 4.vcxproj", "{03F66745-1A23-478C-82BA-9F2B18F92175}"
EndProject
Global
	GlobalSection(SolutionConfigurationPlatforms) = preSolution
		Debug|x86 = Debug|x86
		Release|x86 = Release|x86
	EndGlobalSection
	GlobalSection(ProjectConfigurationPlatforms) = postSolution
		{C5F80730-F44F-4478-BDAE-6634EFC2CA88}.Debug|x86.ActiveCfg = Debug|Win32
		{C5F80730-F44F-4478-BDAE-6634EFC2CA88}.Debug|x86.Build.0 = Debug|Win32
		{C5F80730-F44F-4478-BDAE-6634EFC2CA88}.Release|x86.ActiveCfg = Release|Win32
		{C5F80730-F44F-4478-BDAE-6634EFC2CA88}.Release|x86.Build.0 = Release|Win32
		{89C3B21C-C5CD-4DF8-B784-B424F5AA3A07}.Debug|x86.ActiveCfg = Debug|Win32
		{89C3B21C-C5CD-4DF8-B784-B424F5AA3A07}.Debug|x86.Build.0 = Debug|Win32
		{89C3B21C-C5CD-4DF8-B784-B424F5AA3A07}.Release|x86.ActiveCfg = Release|Win32
		{89C3B21C-C5CD-4DF8-B784-B424F5AA3A07}.Release|x86.Build.0 = Release|Win32
		{03F66745-1A23-478C-82BA-9F2B18F92175}.Debug|x86.ActiveCfg = Debug|Win32
		{03F66745-1A23-478C-82BA-9F2B18F92175}.Debug|x86.Build.0 = Debug|Win32
		{03F66745-1A23-478C-82BA-9F2B18F92175}.Release|x86.ActiveCfg = Release|Win32
		{03F66745-1A23-478C-82BA-9F2B18F92175}.Release|x86.Build.0 = Release|Win32
	EndGlobalSection
	GlobalSection(SolutionProperties) = preSolution
		HideSolutionNode = FALSE
	EndGlobalSection
EndGlobal
